
Microsoft Visual Studio Solution File, Format Version 12.00
# Visual Studio Version 17
VisualStudioVersion = 17.14.36408.4 d17.14
MinimumVisualStudioVersion = 10.0.40219.1
Project("{FAE04EC0-301F-11D3-BF4B-00C04F79EFBC}") = "StickFight", "StickFight.csproj", "{C6571E85-8AE3-4592-9A16-8F210CD72F6C}"
EndProject
Global
	GlobalSection(SolutionConfigurationPlatforms) = preSolution
		Debug|Any CPU = Debug|Any CPU
		Release|Any CPU = Release|Any CPU
	EndGlobalSection
	GlobalSection(ProjectConfigurationPlatforms) = postSolution
		{C6571E85-8AE3-4592-9A16-8F210CD72F6C}.Debug|Any CPU.ActiveCfg = Debug|Any CPU
		{C6571E85-8AE3-4592-9A16-8F210CD72F6C}.Debug|Any CPU.Build.0 = Debug|Any CPU
		{C6571E85-8AE3-4592-9A16-8F210CD72F6C}.Release|Any CPU.ActiveCfg = Release|Any CPU
		{C6571E85-8AE3-4592-9A16-8F210CD72F6C}.Release|Any CPU.Build.0 = Release|Any CPU
	EndGlobalSection
	GlobalSection(SolutionProperties) = preSolution
		HideSolutionNode = FALSE
	EndGlobalSection
	GlobalSection(ExtensibilityGlobals) = postSolution
		SolutionGuid = {47D22D2A-9EC2-4A81-917E-CB3034F400E7}
	EndGlobalSection
EndGlobal
